// !$*UTF8*$!
{
	archiveVersion = 1;
	classes = {
	};
	objectVersion = 56;
	objects = {

/* Begin PBXBuildFile section */
		5254E8DC2A89E6DC0066D9CD /* SearchViewController.swift in Sources */ = {isa = PBXBuildFile; fileRef = 5254E8DB2A89E6DC0066D9CD /* SearchViewController.swift */; };
		5254E8DE2A89E7490066D9CD /* SearchCell.swift in Sources */ = {isa = PBXBuildFile; fileRef = 5254E8DD2A89E7490066D9CD /* SearchCell.swift */; };
		5254E8E02A89F7E20066D9CD /* BookmarkTableVeiwCell.swift in Sources */ = {isa = PBXBuildFile; fileRef = 5254E8DF2A89F7E20066D9CD /* BookmarkTableVeiwCell.swift */; };
		5254E8E22A8A53E10066D9CD /* ClappedArticlsVC.swift in Sources */ = {isa = PBXBuildFile; fileRef = 5254E8E12A8A53E10066D9CD /* ClappedArticlsVC.swift */; };
		5254E8E42A8A89390066D9CD /* ClappedArticlsCell.swift in Sources */ = {isa = PBXBuildFile; fileRef = 5254E8E32A8A89390066D9CD /* ClappedArticlsCell.swift */; };
		5254E8E62A8A9AC00066D9CD /* ReadArticlCell.swift in Sources */ = {isa = PBXBuildFile; fileRef = 5254E8E52A8A9AC00066D9CD /* ReadArticlCell.swift */; };
		5254E8E82A8A9AED0066D9CD /* ReadArticlVC.swift in Sources */ = {isa = PBXBuildFile; fileRef = 5254E8E72A8A9AED0066D9CD /* ReadArticlVC.swift */; };
		526E17742A874F2700F9E865 /* AppDelegate.swift in Sources */ = {isa = PBXBuildFile; fileRef = 526E17732A874F2700F9E865 /* AppDelegate.swift */; };
		526E17762A874F2700F9E865 /* SceneDelegate.swift in Sources */ = {isa = PBXBuildFile; fileRef = 526E17752A874F2700F9E865 /* SceneDelegate.swift */; };
		526E177E2A874F2700F9E865 /* Lask_News_App.xcdatamodeld in Sources */ = {isa = PBXBuildFile; fileRef = 526E177C2A874F2700F9E865 /* Lask_News_App.xcdatamodeld */; };
		526E17802A874F2900F9E865 /* Assets.xcassets in Resources */ = {isa = PBXBuildFile; fileRef = 526E177F2A874F2900F9E865 /* Assets.xcassets */; };
		526E17832A874F2900F9E865 /* LaunchScreen.storyboard in Resources */ = {isa = PBXBuildFile; fileRef = 526E17812A874F2900F9E865 /* LaunchScreen.storyboard */; };
		526E179E2A87507500F9E865 /* TabBar.swift in Sources */ = {isa = PBXBuildFile; fileRef = 526E17912A87507500F9E865 /* TabBar.swift */; };
		526E179F2A87507500F9E865 /* ProfileVC.swift in Sources */ = {isa = PBXBuildFile; fileRef = 526E17922A87507500F9E865 /* ProfileVC.swift */; };
		526E17A02A87507500F9E865 /* ExploreVC.swift in Sources */ = {isa = PBXBuildFile; fileRef = 526E17932A87507500F9E865 /* ExploreVC.swift */; };
		526E17A12A87507500F9E865 /* WelcomeViewController.swift in Sources */ = {isa = PBXBuildFile; fileRef = 526E17942A87507500F9E865 /* WelcomeViewController.swift */; };
		526E17A22A87507500F9E865 /* ArticleViewController.swift in Sources */ = {isa = PBXBuildFile; fileRef = 526E17952A87507500F9E865 /* ArticleViewController.swift */; };
		526E17A32A87507500F9E865 /* HomeVC.swift in Sources */ = {isa = PBXBuildFile; fileRef = 526E17962A87507500F9E865 /* HomeVC.swift */; };
		526E17A42A87507500F9E865 /* BookmarVc.swift in Sources */ = {isa = PBXBuildFile; fileRef = 526E17982A87507500F9E865 /* BookmarVc.swift */; };
		526E17A52A87507500F9E865 /* ExploreCell.swift in Sources */ = {isa = PBXBuildFile; fileRef = 526E179B2A87507500F9E865 /* ExploreCell.swift */; };
		526E17A62A87507500F9E865 /* NormalCollectionViewCell.swift in Sources */ = {isa = PBXBuildFile; fileRef = 526E179C2A87507500F9E865 /* NormalCollectionViewCell.swift */; };
		526E17A72A87507500F9E865 /* LargeNewsColViewCell.swift in Sources */ = {isa = PBXBuildFile; fileRef = 526E179D2A87507500F9E865 /* LargeNewsColViewCell.swift */; };
		526E17AF2A8769C300F9E865 /* UIView_Extensions.swift in Sources */ = {isa = PBXBuildFile; fileRef = 526E17AE2A8769C300F9E865 /* UIView_Extensions.swift */; };
		526E17B12A87A7CF00F9E865 /* Storyboard.storyboard in Resources */ = {isa = PBXBuildFile; fileRef = 526E17B02A87A7CF00F9E865 /* Storyboard.storyboard */; };
		52A14B932A8B48AA00E47A7C /* ApiService.swift in Sources */ = {isa = PBXBuildFile; fileRef = 52A14B922A8B48AA00E47A7C /* ApiService.swift */; };
		65AB67690FC2262307C28005 /* Pods_Lask_News_App.framework in Frameworks */ = {isa = PBXBuildFile; fileRef = 2BFF6C0BFD27612FBA380CC0 /* Pods_Lask_News_App.framework */; };
/* End PBXBuildFile section */

/* Begin PBXFileReference section */
		18D58520894C77FEED2D5385 /* Pods-Lask_News_App.debug.xcconfig */ = {isa = PBXFileReference; includeInIndex = 1; lastKnownFileType = text.xcconfig; name = "Pods-Lask_News_App.debug.xcconfig"; path = "Target Support Files/Pods-Lask_News_App/Pods-Lask_News_App.debug.xcconfig"; sourceTree = "<group>"; };
		2BFF6C0BFD27612FBA380CC0 /* Pods_Lask_News_App.framework */ = {isa = PBXFileReference; explicitFileType = wrapper.framework; includeInIndex = 0; path = Pods_Lask_News_App.framework; sourceTree = BUILT_PRODUCTS_DIR; };
		5254E8DB2A89E6DC0066D9CD /* SearchViewController.swift */ = {isa = PBXFileReference; lastKnownFileType = sourcecode.swift; path = SearchViewController.swift; sourceTree = "<group>"; };
		5254E8DD2A89E7490066D9CD /* SearchCell.swift */ = {isa = PBXFileReference; lastKnownFileType = sourcecode.swift; path = SearchCell.swift; sourceTree = "<group>"; };
		5254E8DF2A89F7E20066D9CD /* BookmarkTableVeiwCell.swift */ = {isa = PBXFileReference; lastKnownFileType = sourcecode.swift; path = BookmarkTableVeiwCell.swift; sourceTree = "<group>"; };
		5254E8E12A8A53E10066D9CD /* ClappedArticlsVC.swift */ = {isa = PBXFileReference; lastKnownFileType = sourcecode.swift; path = ClappedArticlsVC.swift; sourceTree = "<group>"; };
		5254E8E32A8A89390066D9CD /* ClappedArticlsCell.swift */ = {isa = PBXFileReference; lastKnownFileType = sourcecode.swift; path = ClappedArticlsCell.swift; sourceTree = "<group>"; };
		5254E8E52A8A9AC00066D9CD /* ReadArticlCell.swift */ = {isa = PBXFileReference; lastKnownFileType = sourcecode.swift; path = ReadArticlCell.swift; sourceTree = "<group>"; };
		5254E8E72A8A9AED0066D9CD /* ReadArticlVC.swift */ = {isa = PBXFileReference; lastKnownFileType = sourcecode.swift; path = ReadArticlVC.swift; sourceTree = "<group>"; };
		526E17702A874F2700F9E865 /* Lask_News_App.app */ = {isa = PBXFileReference; explicitFileType = wrapper.application; includeInIndex = 0; path = Lask_News_App.app; sourceTree = BUILT_PRODUCTS_DIR; };
		526E17732A874F2700F9E865 /* AppDelegate.swift */ = {isa = PBXFileReference; lastKnownFileType = sourcecode.swift; path = AppDelegate.swift; sourceTree = "<group>"; };
		526E17752A874F2700F9E865 /* SceneDelegate.swift */ = {isa = PBXFileReference; lastKnownFileType = sourcecode.swift; path = SceneDelegate.swift; sourceTree = "<group>"; };
		526E177D2A874F2700F9E865 /* Lask_News_App.xcdatamodel */ = {isa = PBXFileReference; lastKnownFileType = wrapper.xcdatamodel; path = Lask_News_App.xcdatamodel; sourceTree = "<group>"; };
		526E177F2A874F2900F9E865 /* Assets.xcassets */ = {isa = PBXFileReference; lastKnownFileType = folder.assetcatalog; path = Assets.xcassets; sourceTree = "<group>"; };
		526E17822A874F2900F9E865 /* Base */ = {isa = PBXFileReference; lastKnownFileType = file.storyboard; name = Base; path = Base.lproj/LaunchScreen.storyboard; sourceTree = "<group>"; };
		526E17842A874F2900F9E865 /* Info.plist */ = {isa = PBXFileReference; lastKnownFileType = text.plist.xml; path = Info.plist; sourceTree = "<group>"; };
		526E17912A87507500F9E865 /* TabBar.swift */ = {isa = PBXFileReference; fileEncoding = 4; lastKnownFileType = sourcecode.swift; path = TabBar.swift; sourceTree = "<group>"; };
		526E17922A87507500F9E865 /* ProfileVC.swift */ = {isa = PBXFileReference; fileEncoding = 4; lastKnownFileType = sourcecode.swift; path = ProfileVC.swift; sourceTree = "<group>"; };
		526E17932A87507500F9E865 /* ExploreVC.swift */ = {isa = PBXFileReference; fileEncoding = 4; lastKnownFileType = sourcecode.swift; path = ExploreVC.swift; sourceTree = "<group>"; };
		526E17942A87507500F9E865 /* WelcomeViewController.swift */ = {isa = PBXFileReference; fileEncoding = 4; lastKnownFileType = sourcecode.swift; path = WelcomeViewController.swift; sourceTree = "<group>"; };
		526E17952A87507500F9E865 /* ArticleViewController.swift */ = {isa = PBXFileReference; fileEncoding = 4; lastKnownFileType = sourcecode.swift; path = ArticleViewController.swift; sourceTree = "<group>"; };
		526E17962A87507500F9E865 /* HomeVC.swift */ = {isa = PBXFileReference; fileEncoding = 4; lastKnownFileType = sourcecode.swift; path = HomeVC.swift; sourceTree = "<group>"; };
		526E17982A87507500F9E865 /* BookmarVc.swift */ = {isa = PBXFileReference; fileEncoding = 4; lastKnownFileType = sourcecode.swift; path = BookmarVc.swift; sourceTree = "<group>"; };
		526E179B2A87507500F9E865 /* ExploreCell.swift */ = {isa = PBXFileReference; fileEncoding = 4; lastKnownFileType = sourcecode.swift; path = ExploreCell.swift; sourceTree = "<group>"; };
		526E179C2A87507500F9E865 /* NormalCollectionViewCell.swift */ = {isa = PBXFileReference; fileEncoding = 4; lastKnownFileType = sourcecode.swift; path = NormalCollectionViewCell.swift; sourceTree = "<group>"; };
		526E179D2A87507500F9E865 /* LargeNewsColViewCell.swift */ = {isa = PBXFileReference; fileEncoding = 4; lastKnownFileType = sourcecode.swift; path = LargeNewsColViewCell.swift; sourceTree = "<group>"; };
		526E17AE2A8769C300F9E865 /* UIView_Extensions.swift */ = {isa = PBXFileReference; fileEncoding = 4; lastKnownFileType = sourcecode.swift; path = UIView_Extensions.swift; sourceTree = "<group>"; };
		526E17B02A87A7CF00F9E865 /* Storyboard.storyboard */ = {isa = PBXFileReference; lastKnownFileType = file.storyboard; path = Storyboard.storyboard; sourceTree = "<group>"; };
		52A14B922A8B48AA00E47A7C /* ApiService.swift */ = {isa = PBXFileReference; lastKnownFileType = sourcecode.swift; path = ApiService.swift; sourceTree = "<group>"; };
		78A64522C908B3689435AC95 /* Pods-Lask_News_App.release.xcconfig */ = {isa = PBXFileReference; includeInIndex = 1; lastKnownFileType = text.xcconfig; name = "Pods-Lask_News_App.release.xcconfig"; path = "Target Support Files/Pods-Lask_News_App/Pods-Lask_News_App.release.xcconfig"; sourceTree = "<group>"; };
/* End PBXFileReference section */

/* Begin PBXFrameworksBuildPhase section */
		526E176D2A874F2700F9E865 /* Frameworks */ = {
			isa = PBXFrameworksBuildPhase;
			buildActionMask = 2147483647;
			files = (
				65AB67690FC2262307C28005 /* Pods_Lask_News_App.framework in Frameworks */,
			);
			runOnlyForDeploymentPostprocessing = 0;
		};
/* End PBXFrameworksBuildPhase section */

/* Begin PBXGroup section */
		41899A551A2FC44A8ED9CFB5 /* Frameworks */ = {
			isa = PBXGroup;
			children = (
				2BFF6C0BFD27612FBA380CC0 /* Pods_Lask_News_App.framework */,
			);
			name = Frameworks;
			sourceTree = "<group>";
		};
		526E17672A874F2700F9E865 = {
			isa = PBXGroup;
			children = (
				526E17722A874F2700F9E865 /* Lask_News_App */,
				526E17712A874F2700F9E865 /* Products */,
				C41BFCE142E1CEA3A0C1CC9A /* Pods */,
				41899A551A2FC44A8ED9CFB5 /* Frameworks */,
			);
			sourceTree = "<group>";
		};
		526E17712A874F2700F9E865 /* Products */ = {
			isa = PBXGroup;
			children = (
				526E17702A874F2700F9E865 /* Lask_News_App.app */,
			);
			name = Products;
			sourceTree = "<group>";
		};
		526E17722A874F2700F9E865 /* Lask_News_App */ = {
			isa = PBXGroup;
			children = (
				526E17732A874F2700F9E865 /* AppDelegate.swift */,
				526E17752A874F2700F9E865 /* SceneDelegate.swift */,
				526E17B02A87A7CF00F9E865 /* Storyboard.storyboard */,
				52A14B912A8B489000E47A7C /* Services */,
				526E17AD2A8769C300F9E865 /* Extensions */,
				526E17992A87507500F9E865 /* Model */,
				526E179A2A87507500F9E865 /* View */,
				526E17902A87507500F9E865 /* Controller */,
				526E177F2A874F2900F9E865 /* Assets.xcassets */,
				526E17812A874F2900F9E865 /* LaunchScreen.storyboard */,
				526E17842A874F2900F9E865 /* Info.plist */,
				526E177C2A874F2700F9E865 /* Lask_News_App.xcdatamodeld */,
			);
			path = Lask_News_App;
			sourceTree = "<group>";
		};
		526E17902A87507500F9E865 /* Controller */ = {
			isa = PBXGroup;
			children = (
				526E17942A87507500F9E865 /* WelcomeViewController.swift */,
				526E17912A87507500F9E865 /* TabBar.swift */,
				526E17962A87507500F9E865 /* HomeVC.swift */,
				526E17922A87507500F9E865 /* ProfileVC.swift */,
				526E17932A87507500F9E865 /* ExploreVC.swift */,
				526E17952A87507500F9E865 /* ArticleViewController.swift */,
				5254E8DB2A89E6DC0066D9CD /* SearchViewController.swift */,
				526E17982A87507500F9E865 /* BookmarVc.swift */,
				5254E8E12A8A53E10066D9CD /* ClappedArticlsVC.swift */,
				5254E8E72A8A9AED0066D9CD /* ReadArticlVC.swift */,
			);
			path = Controller;
			sourceTree = "<group>";
		};
		526E17992A87507500F9E865 /* Model */ = {
			isa = PBXGroup;
			children = (
			);
			path = Model;
			sourceTree = "<group>";
		};
		526E179A2A87507500F9E865 /* View */ = {
			isa = PBXGroup;
			children = (
				526E179C2A87507500F9E865 /* NormalCollectionViewCell.swift */,
				526E179D2A87507500F9E865 /* LargeNewsColViewCell.swift */,
				5254E8E52A8A9AC00066D9CD /* ReadArticlCell.swift */,
				526E179B2A87507500F9E865 /* ExploreCell.swift */,
				5254E8DD2A89E7490066D9CD /* SearchCell.swift */,
				5254E8DF2A89F7E20066D9CD /* BookmarkTableVeiwCell.swift */,
				5254E8E32A8A89390066D9CD /* ClappedArticlsCell.swift */,
			);
			path = View;
			sourceTree = "<group>";
		};
		526E17AD2A8769C300F9E865 /* Extensions */ = {
			isa = PBXGroup;
			children = (
				526E17AE2A8769C300F9E865 /* UIView_Extensions.swift */,
			);
			path = Extensions;
			sourceTree = "<group>";
		};
		52A14B912A8B489000E47A7C /* Services */ = {
			isa = PBXGroup;
			children = (
				52A14B922A8B48AA00E47A7C /* ApiService.swift */,
			);
			path = Services;
			sourceTree = "<group>";
		};
		C41BFCE142E1CEA3A0C1CC9A /* Pods */ = {
			isa = PBXGroup;
			children = (
				18D58520894C77FEED2D5385 /* Pods-Lask_News_App.debug.xcconfig */,
				78A64522C908B3689435AC95 /* Pods-Lask_News_App.release.xcconfig */,
			);
			path = Pods;
			sourceTree = "<group>";
		};
/* End PBXGroup section */

/* Begin PBXNativeTarget section */
		526E176F2A874F2700F9E865 /* Lask_News_App */ = {
			isa = PBXNativeTarget;
			buildConfigurationList = 526E17872A874F2900F9E865 /* Build configuration list for PBXNativeTarget "Lask_News_App" */;
			buildPhases = (
				B4237A234E576E86DB99638F /* [CP] Check Pods Manifest.lock */,
				526E176C2A874F2700F9E865 /* Sources */,
				526E176D2A874F2700F9E865 /* Frameworks */,
				526E176E2A874F2700F9E865 /* Resources */,
				FCEE35E18FB12EBD6234B4CF /* [CP] Embed Pods Frameworks */,
			);
			buildRules = (
			);
			dependencies = (
			);
			name = Lask_News_App;
			productName = Lask_News_App;
			productReference = 526E17702A874F2700F9E865 /* Lask_News_App.app */;
			productType = "com.apple.product-type.application";
		};
/* End PBXNativeTarget section */

/* Begin PBXProject section */
		526E17682A874F2700F9E865 /* Project object */ = {
			isa = PBXProject;
			attributes = {
				BuildIndependentTargetsInParallel = 1;
				LastSwiftUpdateCheck = 1430;
				LastUpgradeCheck = 1430;
				TargetAttributes = {
					526E176F2A874F2700F9E865 = {
						CreatedOnToolsVersion = 14.3.1;
					};
				};
			};
			buildConfigurationList = 526E176B2A874F2700F9E865 /* Build configuration list for PBXProject "Lask_News_App" */;
			compatibilityVersion = "Xcode 14.0";
			developmentRegion = en;
			hasScannedForEncodings = 0;
			knownRegions = (
				en,
				Base,
			);
			mainGroup = 526E17672A874F2700F9E865;
			productRefGroup = 526E17712A874F2700F9E865 /* Products */;
			projectDirPath = "";
			projectRoot = "";
			targets = (
				526E176F2A874F2700F9E865 /* Lask_News_App */,
			);
		};
/* End PBXProject section */

/* Begin PBXResourcesBuildPhase section */
		526E176E2A874F2700F9E865 /* Resources */ = {
			isa = PBXResourcesBuildPhase;
			buildActionMask = 2147483647;
			files = (
				526E17832A874F2900F9E865 /* LaunchScreen.storyboard in Resources */,
				526E17802A874F2900F9E865 /* Assets.xcassets in Resources */,
				526E17B12A87A7CF00F9E865 /* Storyboard.storyboard in Resources */,
			);
			runOnlyForDeploymentPostprocessing = 0;
		};
/* End PBXResourcesBuildPhase section */

/* Begin PBXShellScriptBuildPhase section */
		B4237A234E576E86DB99638F /* [CP] Check Pods Manifest.lock */ = {
			isa = PBXShellScriptBuildPhase;
			buildActionMask = 2147483647;
			files = (
			);
			inputFileListPaths = (
			);
			inputPaths = (
				"${PODS_PODFILE_DIR_PATH}/Podfile.lock",
				"${PODS_ROOT}/Manifest.lock",
			);
			name = "[CP] Check Pods Manifest.lock";
			outputFileListPaths = (
			);
			outputPaths = (
				"$(DERIVED_FILE_DIR)/Pods-Lask_News_App-checkManifestLockResult.txt",
			);
			runOnlyForDeploymentPostprocessing = 0;
			shellPath = /bin/sh;
			shellScript = "diff \"${PODS_PODFILE_DIR_PATH}/Podfile.lock\" \"${PODS_ROOT}/Manifest.lock\" > /dev/null\nif [ $? != 0 ] ; then\n    # print error to STDERR\n    echo \"error: The sandbox is not in sync with the Podfile.lock. Run 'pod install' or update your CocoaPods installation.\" >&2\n    exit 1\nfi\n# This output is used by Xcode 'outputs' to avoid re-running this script phase.\necho \"SUCCESS\" > \"${SCRIPT_OUTPUT_FILE_0}\"\n";
			showEnvVarsInLog = 0;
		};
		FCEE35E18FB12EBD6234B4CF /* [CP] Embed Pods Frameworks */ = {
			isa = PBXShellScriptBuildPhase;
			buildActionMask = 2147483647;
			files = (
			);
			inputFileListPaths = (
				"${PODS_ROOT}/Target Support Files/Pods-Lask_News_App/Pods-Lask_News_App-frameworks-${CONFIGURATION}-input-files.xcfilelist",
			);
			name = "[CP] Embed Pods Frameworks";
			outputFileListPaths = (
				"${PODS_ROOT}/Target Support Files/Pods-Lask_News_App/Pods-Lask_News_App-frameworks-${CONFIGURATION}-output-files.xcfilelist",
			);
			runOnlyForDeploymentPostprocessing = 0;
			shellPath = /bin/sh;
			shellScript = "\"${PODS_ROOT}/Target Support Files/Pods-Lask_News_App/Pods-Lask_News_App-frameworks.sh\"\n";
			showEnvVarsInLog = 0;
		};
/* End PBXShellScriptBuildPhase section */

/* Begin PBXSourcesBuildPhase section */
		526E176C2A874F2700F9E865 /* Sources */ = {
			isa = PBXSourcesBuildPhase;
			buildActionMask = 2147483647;
			files = (
				5254E8DC2A89E6DC0066D9CD /* SearchViewController.swift in Sources */,
				5254E8E22A8A53E10066D9CD /* ClappedArticlsVC.swift in Sources */,
				5254E8E62A8A9AC00066D9CD /* ReadArticlCell.swift in Sources */,
				5254E8E42A8A89390066D9CD /* ClappedArticlsCell.swift in Sources */,
				52A14B932A8B48AA00E47A7C /* ApiService.swift in Sources */,
				5254E8E82A8A9AED0066D9CD /* ReadArticlVC.swift in Sources */,
				5254E8DE2A89E7490066D9CD /* SearchCell.swift in Sources */,
				526E17A52A87507500F9E865 /* ExploreCell.swift in Sources */,
				526E17A62A87507500F9E865 /* NormalCollectionViewCell.swift in Sources */,
				526E17A72A87507500F9E865 /* LargeNewsColViewCell.swift in Sources */,
				526E17A42A87507500F9E865 /* BookmarVc.swift in Sources */,
				526E17A02A87507500F9E865 /* ExploreVC.swift in Sources */,
				526E17A22A87507500F9E865 /* ArticleViewController.swift in Sources */,
				526E17AF2A8769C300F9E865 /* UIView_Extensions.swift in Sources */,
				526E177E2A874F2700F9E865 /* Lask_News_App.xcdatamodeld in Sources */,
				526E17A32A87507500F9E865 /* HomeVC.swift in Sources */,
				5254E8E02A89F7E20066D9CD /* BookmarkTableVeiwCell.swift in Sources */,
				526E17742A874F2700F9E865 /* AppDelegate.swift in Sources */,
				526E17762A874F2700F9E865 /* SceneDelegate.swift in Sources */,
				526E179E2A87507500F9E865 /* TabBar.swift in Sources */,
				526E179F2A87507500F9E865 /* ProfileVC.swift in Sources */,
				526E17A12A87507500F9E865 /* WelcomeViewController.swift in Sources */,
			);
			runOnlyForDeploymentPostprocessing = 0;
		};
/* End PBXSourcesBuildPhase section */

/* Begin PBXVariantGroup section */
		526E17812A874F2900F9E865 /* LaunchScreen.storyboard */ = {
			isa = PBXVariantGroup;
			children = (
				526E17822A874F2900F9E865 /* Base */,
			);
			name = LaunchScreen.storyboard;
			sourceTree = "<group>";
		};
/* End PBXVariantGroup section */

/* Begin XCBuildConfiguration section */
		526E17852A874F2900F9E865 /* Debug */ = {
			isa = XCBuildConfiguration;
			buildSettings = {
				ALWAYS_SEARCH_USER_PATHS = NO;
				CLANG_ANALYZER_NONNULL = YES;
				CLANG_ANALYZER_NUMBER_OBJECT_CONVERSION = YES_AGGRESSIVE;
				CLANG_CXX_LANGUAGE_STANDARD = "gnu++20";
				CLANG_ENABLE_MODULES = YES;
				CLANG_ENABLE_OBJC_ARC = YES;
				CLANG_ENABLE_OBJC_WEAK = YES;
				CLANG_WARN_BLOCK_CAPTURE_AUTORELEASING = YES;
				CLANG_WARN_BOOL_CONVERSION = YES;
				CLANG_WARN_COMMA = YES;
				CLANG_WARN_CONSTANT_CONVERSION = YES;
				CLANG_WARN_DEPRECATED_OBJC_IMPLEMENTATIONS = YES;
				CLANG_WARN_DIRECT_OBJC_ISA_USAGE = YES_ERROR;
				CLANG_WARN_DOCUMENTATION_COMMENTS = YES;
				CLANG_WARN_EMPTY_BODY = YES;
				CLANG_WARN_ENUM_CONVERSION = YES;
				CLANG_WARN_INFINITE_RECURSION = YES;
				CLANG_WARN_INT_CONVERSION = YES;
				CLANG_WARN_NON_LITERAL_NULL_CONVERSION = YES;
				CLANG_WARN_OBJC_IMPLICIT_RETAIN_SELF = YES;
				CLANG_WARN_OBJC_LITERAL_CONVERSION = YES;
				CLANG_WARN_OBJC_ROOT_CLASS = YES_ERROR;
				CLANG_WARN_QUOTED_INCLUDE_IN_FRAMEWORK_HEADER = YES;
				CLANG_WARN_RANGE_LOOP_ANALYSIS = YES;
				CLANG_WARN_STRICT_PROTOTYPES = YES;
				CLANG_WARN_SUSPICIOUS_MOVE = YES;
				CLANG_WARN_UNGUARDED_AVAILABILITY = YES_AGGRESSIVE;
				CLANG_WARN_UNREACHABLE_CODE = YES;
				CLANG_WARN__DUPLICATE_METHOD_MATCH = YES;
				COPY_PHASE_STRIP = NO;
				DEBUG_INFORMATION_FORMAT = dwarf;
				ENABLE_STRICT_OBJC_MSGSEND = YES;
				ENABLE_TESTABILITY = YES;
				GCC_C_LANGUAGE_STANDARD = gnu11;
				GCC_DYNAMIC_NO_PIC = NO;
				GCC_NO_COMMON_BLOCKS = YES;
				GCC_OPTIMIZATION_LEVEL = 0;
				GCC_PREPROCESSOR_DEFINITIONS = (
					"DEBUG=1",
					"$(inherited)",
				);
				GCC_WARN_64_TO_32_BIT_CONVERSION = YES;
				GCC_WARN_ABOUT_RETURN_TYPE = YES_ERROR;
				GCC_WARN_UNDECLARED_SELECTOR = YES;
				GCC_WARN_UNINITIALIZED_AUTOS = YES_AGGRESSIVE;
				GCC_WARN_UNUSED_FUNCTION = YES;
				GCC_WARN_UNUSED_VARIABLE = YES;
				IPHONEOS_DEPLOYMENT_TARGET = 16.4;
				MTL_ENABLE_DEBUG_INFO = INCLUDE_SOURCE;
				MTL_FAST_MATH = YES;
				ONLY_ACTIVE_ARCH = YES;
				SDKROOT = iphoneos;
				SWIFT_ACTIVE_COMPILATION_CONDITIONS = DEBUG;
				SWIFT_OPTIMIZATION_LEVEL = "-Onone";
			};
			name = Debug;
		};
		526E17862A874F2900F9E865 /* Release */ = {
			isa = XCBuildConfiguration;
			buildSettings = {
				ALWAYS_SEARCH_USER_PATHS = NO;
				CLANG_ANALYZER_NONNULL = YES;
				CLANG_ANALYZER_NUMBER_OBJECT_CONVERSION = YES_AGGRESSIVE;
				CLANG_CXX_LANGUAGE_STANDARD = "gnu++20";
				CLANG_ENABLE_MODULES = YES;
				CLANG_ENABLE_OBJC_ARC = YES;
				CLANG_ENABLE_OBJC_WEAK = YES;
				CLANG_WARN_BLOCK_CAPTURE_AUTORELEASING = YES;
				CLANG_WARN_BOOL_CONVERSION = YES;
				CLANG_WARN_COMMA = YES;
				CLANG_WARN_CONSTANT_CONVERSION = YES;
				CLANG_WARN_DEPRECATED_OBJC_IMPLEMENTATIONS = YES;
				CLANG_WARN_DIRECT_OBJC_ISA_USAGE = YES_ERROR;
				CLANG_WARN_DOCUMENTATION_COMMENTS = YES;
				CLANG_WARN_EMPTY_BODY = YES;
				CLANG_WARN_ENUM_CONVERSION = YES;
				CLANG_WARN_INFINITE_RECURSION = YES;
				CLANG_WARN_INT_CONVERSION = YES;
				CLANG_WARN_NON_LITERAL_NULL_CONVERSION = YES;
				CLANG_WARN_OBJC_IMPLICIT_RETAIN_SELF = YES;
				CLANG_WARN_OBJC_LITERAL_CONVERSION = YES;
				CLANG_WARN_OBJC_ROOT_CLASS = YES_ERROR;
				CLANG_WARN_QUOTED_INCLUDE_IN_FRAMEWORK_HEADER = YES;
				CLANG_WARN_RANGE_LOOP_ANALYSIS = YES;
				CLANG_WARN_STRICT_PROTOTYPES = YES;
				CLANG_WARN_SUSPICIOUS_MOVE = YES;
				CLANG_WARN_UNGUARDED_AVAILABILITY = YES_AGGRESSIVE;
				CLANG_WARN_UNREACHABLE_CODE = YES;
				CLANG_WARN__DUPLICATE_METHOD_MATCH = YES;
				COPY_PHASE_STRIP = NO;
				DEBUG_INFORMATION_FORMAT = "dwarf-with-dsym";
				ENABLE_NS_ASSERTIONS = NO;
				ENABLE_STRICT_OBJC_MSGSEND = YES;
				GCC_C_LANGUAGE_STANDARD = gnu11;
				GCC_NO_COMMON_BLOCKS = YES;
				GCC_WARN_64_TO_32_BIT_CONVERSION = YES;
				GCC_WARN_ABOUT_RETURN_TYPE = YES_ERROR;
				GCC_WARN_UNDECLARED_SELECTOR = YES;
				GCC_WARN_UNINITIALIZED_AUTOS = YES_AGGRESSIVE;
				GCC_WARN_UNUSED_FUNCTION = YES;
				GCC_WARN_UNUSED_VARIABLE = YES;
				IPHONEOS_DEPLOYMENT_TARGET = 16.4;
				MTL_ENABLE_DEBUG_INFO = NO;
				MTL_FAST_MATH = YES;
				SDKROOT = iphoneos;
				SWIFT_COMPILATION_MODE = wholemodule;
				SWIFT_OPTIMIZATION_LEVEL = "-O";
				VALIDATE_PRODUCT = YES;
			};
			name = Release;
		};
		526E17882A874F2900F9E865 /* Debug */ = {
			isa = XCBuildConfiguration;
			baseConfigurationReference = 18D58520894C77FEED2D5385 /* Pods-Lask_News_App.debug.xcconfig */;
			buildSettings = {
				ASSETCATALOG_COMPILER_APPICON_NAME = AppIcon;
				ASSETCATALOG_COMPILER_GLOBAL_ACCENT_COLOR_NAME = AccentColor;
				CODE_SIGN_STYLE = Automatic;
				CURRENT_PROJECT_VERSION = 1;
				DEVELOPMENT_TEAM = 8UVFYTC46Q;
				GENERATE_INFOPLIST_FILE = YES;
				INFOPLIST_FILE = Lask_News_App/Info.plist;
				INFOPLIST_KEY_UIApplicationSupportsIndirectInputEvents = YES;
				INFOPLIST_KEY_UILaunchStoryboardName = LaunchScreen;
				INFOPLIST_KEY_UIMainStoryboardFile = "";
				INFOPLIST_KEY_UISupportedInterfaceOrientations_iPad = "UIInterfaceOrientationPortrait UIInterfaceOrientationPortraitUpsideDown UIInterfaceOrientationLandscapeLeft UIInterfaceOrientationLandscapeRight";
				INFOPLIST_KEY_UISupportedInterfaceOrientations_iPhone = "UIInterfaceOrientationPortrait UIInterfaceOrientationLandscapeLeft UIInterfaceOrientationLandscapeRight";
				LD_RUNPATH_SEARCH_PATHS = (
					"$(inherited)",
					"@executable_path/Frameworks",
				);
				MARKETING_VERSION = 1.0;
				PRODUCT_BUNDLE_IDENTIFIER = "co.dilshodbek.Lask-News-App";
				PRODUCT_NAME = "$(TARGET_NAME)";
				SWIFT_EMIT_LOC_STRINGS = YES;
				SWIFT_VERSION = 5.0;
				TARGETED_DEVICE_FAMILY = "1,2";
			};
			name = Debug;
		};
		526E17892A874F2900F9E865 /* Release */ = {
			isa = XCBuildConfiguration;
			baseConfigurationReference = 78A64522C908B3689435AC95 /* Pods-Lask_News_App.release.xcconfig */;
			buildSettings = {
				ASSETCATALOG_COMPILER_APPICON_NAME = AppIcon;
				ASSETCATALOG_COMPILER_GLOBAL_ACCENT_COLOR_NAME = AccentColor;
				CODE_SIGN_STYLE = Automatic;
				CURRENT_PROJECT_VERSION = 1;
				DEVELOPMENT_TEAM = 8UVFYTC46Q;
				GENERATE_INFOPLIST_FILE = YES;
				INFOPLIST_FILE = Lask_News_App/Info.plist;
				INFOPLIST_KEY_UIApplicationSupportsIndirectInputEvents = YES;
				INFOPLIST_KEY_UILaunchStoryboardName = LaunchScreen;
				INFOPLIST_KEY_UIMainStoryboardFile = "";
				INFOPLIST_KEY_UISupportedInterfaceOrientations_iPad = "UIInterfaceOrientationPortrait UIInterfaceOrientationPortraitUpsideDown UIInterfaceOrientationLandscapeLeft UIInterfaceOrientationLandscapeRight";
				INFOPLIST_KEY_UISupportedInterfaceOrientations_iPhone = "UIInterfaceOrientationPortrait UIInterfaceOrientationLandscapeLeft UIInterfaceOrientationLandscapeRight";
				LD_RUNPATH_SEARCH_PATHS = (
					"$(inherited)",
					"@executable_path/Frameworks",
				);
				MARKETING_VERSION = 1.0;
				PRODUCT_BUNDLE_IDENTIFIER = "co.dilshodbek.Lask-News-App";
				PRODUCT_NAME = "$(TARGET_NAME)";
				SWIFT_EMIT_LOC_STRINGS = YES;
				SWIFT_VERSION = 5.0;
				TARGETED_DEVICE_FAMILY = "1,2";
			};
			name = Release;
		};
/* End XCBuildConfiguration section */

/* Begin XCConfigurationList section */
		526E176B2A874F2700F9E865 /* Build configuration list for PBXProject "Lask_News_App" */ = {
			isa = XCConfigurationList;
			buildConfigurations = (
				526E17852A874F2900F9E865 /* Debug */,
				526E17862A874F2900F9E865 /* Release */,
			);
			defaultConfigurationIsVisible = 0;
			defaultConfigurationName = Release;
		};
		526E17872A874F2900F9E865 /* Build configuration list for PBXNativeTarget "Lask_News_App" */ = {
			isa = XCConfigurationList;
			buildConfigurations = (
				526E17882A874F2900F9E865 /* Debug */,
				526E17892A874F2900F9E865 /* Release */,
			);
			defaultConfigurationIsVisible = 0;
			defaultConfigurationName = Release;
		};
/* End XCConfigurationList section */

/* Begin XCVersionGroup section */
		526E177C2A874F2700F9E865 /* Lask_News_App.xcdatamodeld */ = {
			isa = XCVersionGroup;
			children = (
				526E177D2A874F2700F9E865 /* Lask_News_App.xcdatamodel */,
			);
			currentVersion = 526E177D2A874F2700F9E865 /* Lask_News_App.xcdatamodel */;
			path = Lask_News_App.xcdatamodeld;
			sourceTree = "<group>";
			versionGroupType = wrapper.xcdatamodel;
		};
/* End XCVersionGroup section */
	};
	rootObject = 526E17682A874F2700F9E865 /* Project object */;
}
